// !$*UTF8*$!
{
	archiveVersion = 1;
	classes = {
	};
	objectVersion = 77;
	objects = {

/* Begin PBXBuildFile section */
		07DFC2C82D8AFB0F00FBADBF /* VegetableHTTPClient.swift in Sources */ = {isa = PBXBuildFile; fileRef = 07DFC2A42D8AFB0F00FBADBF /* VegetableHTTPClient.swift */; };
		07DFC2C92D8AFB0F00FBADBF /* Date+Extensions.swift in Sources */ = {isa = PBXBuildFile; fileRef = 07DFC2A62D8AFB0F00FBADBF /* Date+Extensions.swift */; };
		07DFC2CA2D8AFB0F00FBADBF /* String+Extensions.swift in Sources */ = {isa = PBXBuildFile; fileRef = 07DFC2A72D8AFB0F00FBADBF /* String+Extensions.swift */; };
		07DFC2CB2D8AFB0F00FBADBF /* MyGardenVegetable.swift in Sources */ = {isa = PBXBuildFile; fileRef = 07DFC2A92D8AFB0F00FBADBF /* MyGardenVegetable.swift */; };
		07DFC2CC2D8AFB0F00FBADBF /* Note.swift in Sources */ = {isa = PBXBuildFile; fileRef = 07DFC2AA2D8AFB0F00FBADBF /* Note.swift */; };
		07DFC2CD2D8AFB0F00FBADBF /* Pest.swift in Sources */ = {isa = PBXBuildFile; fileRef = 07DFC2AB2D8AFB0F00FBADBF /* Pest.swift */; };
		07DFC2CE2D8AFB0F00FBADBF /* Vegetable.swift in Sources */ = {isa = PBXBuildFile; fileRef = 07DFC2AC2D8AFB0F00FBADBF /* Vegetable.swift */; };
		07DFC2CF2D8AFB0F00FBADBF /* PreviewContainer.swift in Sources */ = {isa = PBXBuildFile; fileRef = 07DFC2AF2D8AFB0F00FBADBF /* PreviewContainer.swift */; };
		07DFC2D02D8AFB0F00FBADBF /* PreviewData.swift in Sources */ = {isa = PBXBuildFile; fileRef = 07DFC2B02D8AFB0F00FBADBF /* PreviewData.swift */; };
		07DFC2D12D8AFB0F00FBADBF /* AddNoteScreen.swift in Sources */ = {isa = PBXBuildFile; fileRef = 07DFC2B32D8AFB0F00FBADBF /* AddNoteScreen.swift */; };
		07DFC2D22D8AFB0F00FBADBF /* MyGardenScreen.swift in Sources */ = {isa = PBXBuildFile; fileRef = 07DFC2B42D8AFB0F00FBADBF /* MyGardenScreen.swift */; };
		07DFC2D32D8AFB0F00FBADBF /* NoteListScreen.swift in Sources */ = {isa = PBXBuildFile; fileRef = 07DFC2B52D8AFB0F00FBADBF /* NoteListScreen.swift */; };
		07DFC2D42D8AFB0F00FBADBF /* PestDetailScreen.swift in Sources */ = {isa = PBXBuildFile; fileRef = 07DFC2B62D8AFB0F00FBADBF /* PestDetailScreen.swift */; };
		07DFC2D52D8AFB0F00FBADBF /* PestListScreen.swift in Sources */ = {isa = PBXBuildFile; fileRef = 07DFC2B72D8AFB0F00FBADBF /* PestListScreen.swift */; };
		07DFC2D62D8AFB0F00FBADBF /* VegetableDetailScreen.swift in Sources */ = {isa = PBXBuildFile; fileRef = 07DFC2B82D8AFB0F00FBADBF /* VegetableDetailScreen.swift */; };
		07DFC2D72D8AFB0F00FBADBF /* VegetableListScreen.swift in Sources */ = {isa = PBXBuildFile; fileRef = 07DFC2B92D8AFB0F00FBADBF /* VegetableListScreen.swift */; };
		07DFC2D82D8AFB0F00FBADBF /* VegetableTabBarScreen.swift in Sources */ = {isa = PBXBuildFile; fileRef = 07DFC2BA2D8AFB0F00FBADBF /* VegetableTabBarScreen.swift */; };
		07DFC2D92D8AFB0F00FBADBF /* CircularAsyncImageView.swift in Sources */ = {isa = PBXBuildFile; fileRef = 07DFC2BC2D8AFB0F00FBADBF /* CircularAsyncImageView.swift */; };
		07DFC2DA2D8AFB0F00FBADBF /* HarvestCountDownView.swift in Sources */ = {isa = PBXBuildFile; fileRef = 07DFC2BD2D8AFB0F00FBADBF /* HarvestCountDownView.swift */; };
		07DFC2DB2D8AFB0F00FBADBF /* ImagePicker.swift in Sources */ = {isa = PBXBuildFile; fileRef = 07DFC2BE2D8AFB0F00FBADBF /* ImagePicker.swift */; };
		07DFC2DC2D8AFB0F00FBADBF /* MyGardenCellView.swift in Sources */ = {isa = PBXBuildFile; fileRef = 07DFC2BF2D8AFB0F00FBADBF /* MyGardenCellView.swift */; };
		07DFC2DD2D8AFB0F00FBADBF /* NoteCellView.swift in Sources */ = {isa = PBXBuildFile; fileRef = 07DFC2C02D8AFB0F00FBADBF /* NoteCellView.swift */; };
		07DFC2DE2D8AFB0F00FBADBF /* PestCellView.swift in Sources */ = {isa = PBXBuildFile; fileRef = 07DFC2C12D8AFB0F00FBADBF /* PestCellView.swift */; };
		07DFC2DF2D8AFB0F00FBADBF /* SeedOrSeedlingView.swift in Sources */ = {isa = PBXBuildFile; fileRef = 07DFC2C22D8AFB0F00FBADBF /* SeedOrSeedlingView.swift */; };
		07DFC2E02D8AFB0F00FBADBF /* VegetableCellView.swift in Sources */ = {isa = PBXBuildFile; fileRef = 07DFC2C32D8AFB0F00FBADBF /* VegetableCellView.swift */; };
		07DFC2E12D8AFB0F00FBADBF /* VegetablesApp.swift in Sources */ = {isa = PBXBuildFile; fileRef = 07DFC2C62D8AFB0F00FBADBF /* VegetablesApp.swift */; };
		07DFC2E22D8AFB0F00FBADBF /* Preview Assets.xcassets in Resources */ = {isa = PBXBuildFile; fileRef = 07DFC2AE2D8AFB0F00FBADBF /* Preview Assets.xcassets */; };
		07DFC2E32D8AFB0F00FBADBF /* vegetables.json in Resources */ = {isa = PBXBuildFile; fileRef = 07DFC2B12D8AFB0F00FBADBF /* vegetables.json */; };
		07DFC2E42D8AFB0F00FBADBF /* Assets.xcassets in Resources */ = {isa = PBXBuildFile; fileRef = 07DFC2C52D8AFB0F00FBADBF /* Assets.xcassets */; };
/* End PBXBuildFile section */

/* Begin PBXFileReference section */
		07DFC24C2D7F176900FBADBF /* Vegetables.app */ = {isa = PBXFileReference; explicitFileType = wrapper.application; includeInIndex = 0; path = Vegetables.app; sourceTree = BUILT_PRODUCTS_DIR; };
		07DFC2A42D8AFB0F00FBADBF /* VegetableHTTPClient.swift */ = {isa = PBXFileReference; lastKnownFileType = sourcecode.swift; path = VegetableHTTPClient.swift; sourceTree = "<group>"; };
		07DFC2A62D8AFB0F00FBADBF /* Date+Extensions.swift */ = {isa = PBXFileReference; lastKnownFileType = sourcecode.swift; path = "Date+Extensions.swift"; sourceTree = "<group>"; };
		07DFC2A72D8AFB0F00FBADBF /* String+Extensions.swift */ = {isa = PBXFileReference; lastKnownFileType = sourcecode.swift; path = "String+Extensions.swift"; sourceTree = "<group>"; };
		07DFC2A92D8AFB0F00FBADBF /* MyGardenVegetable.swift */ = {isa = PBXFileReference; lastKnownFileType = sourcecode.swift; path = MyGardenVegetable.swift; sourceTree = "<group>"; };
		07DFC2AA2D8AFB0F00FBADBF /* Note.swift */ = {isa = PBXFileReference; lastKnownFileType = sourcecode.swift; path = Note.swift; sourceTree = "<group>"; };
		07DFC2AB2D8AFB0F00FBADBF /* Pest.swift */ = {isa = PBXFileReference; lastKnownFileType = sourcecode.swift; path = Pest.swift; sourceTree = "<group>"; };
		07DFC2AC2D8AFB0F00FBADBF /* Vegetable.swift */ = {isa = PBXFileReference; lastKnownFileType = sourcecode.swift; path = Vegetable.swift; sourceTree = "<group>"; };
		07DFC2AE2D8AFB0F00FBADBF /* Preview Assets.xcassets */ = {isa = PBXFileReference; lastKnownFileType = folder.assetcatalog; path = "Preview Assets.xcassets"; sourceTree = "<group>"; };
		07DFC2AF2D8AFB0F00FBADBF /* PreviewContainer.swift */ = {isa = PBXFileReference; lastKnownFileType = sourcecode.swift; path = PreviewContainer.swift; sourceTree = "<group>"; };
		07DFC2B02D8AFB0F00FBADBF /* PreviewData.swift */ = {isa = PBXFileReference; lastKnownFileType = sourcecode.swift; path = PreviewData.swift; sourceTree = "<group>"; };
		07DFC2B12D8AFB0F00FBADBF /* vegetables.json */ = {isa = PBXFileReference; lastKnownFileType = text.json; path = vegetables.json; sourceTree = "<group>"; };
		07DFC2B32D8AFB0F00FBADBF /* AddNoteScreen.swift */ = {isa = PBXFileReference; lastKnownFileType = sourcecode.swift; path = AddNoteScreen.swift; sourceTree = "<group>"; };
		07DFC2B42D8AFB0F00FBADBF /* MyGardenScreen.swift */ = {isa = PBXFileReference; lastKnownFileType = sourcecode.swift; path = MyGardenScreen.swift; sourceTree = "<group>"; };
		07DFC2B52D8AFB0F00FBADBF /* NoteListScreen.swift */ = {isa = PBXFileReference; lastKnownFileType = sourcecode.swift; path = NoteListScreen.swift; sourceTree = "<group>"; };
		07DFC2B62D8AFB0F00FBADBF /* PestDetailScreen.swift */ = {isa = PBXFileReference; lastKnownFileType = sourcecode.swift; path = PestDetailScreen.swift; sourceTree = "<group>"; };
		07DFC2B72D8AFB0F00FBADBF /* PestListScreen.swift */ = {isa = PBXFileReference; lastKnownFileType = sourcecode.swift; path = PestListScreen.swift; sourceTree = "<group>"; };
		07DFC2B82D8AFB0F00FBADBF /* VegetableDetailScreen.swift */ = {isa = PBXFileReference; lastKnownFileType = sourcecode.swift; path = VegetableDetailScreen.swift; sourceTree = "<group>"; };
		07DFC2B92D8AFB0F00FBADBF /* VegetableListScreen.swift */ = {isa = PBXFileReference; lastKnownFileType = sourcecode.swift; path = VegetableListScreen.swift; sourceTree = "<group>"; };
		07DFC2BA2D8AFB0F00FBADBF /* VegetableTabBarScreen.swift */ = {isa = PBXFileReference; lastKnownFileType = sourcecode.swift; path = VegetableTabBarScreen.swift; sourceTree = "<group>"; };
		07DFC2BC2D8AFB0F00FBADBF /* CircularAsyncImageView.swift */ = {isa = PBXFileReference; lastKnownFileType = sourcecode.swift; path = CircularAsyncImageView.swift; sourceTree = "<group>"; };
		07DFC2BD2D8AFB0F00FBADBF /* HarvestCountDownView.swift */ = {isa = PBXFileReference; lastKnownFileType = sourcecode.swift; path = HarvestCountDownView.swift; sourceTree = "<group>"; };
		07DFC2BE2D8AFB0F00FBADBF /* ImagePicker.swift */ = {isa = PBXFileReference; lastKnownFileType = sourcecode.swift; path = ImagePicker.swift; sourceTree = "<group>"; };
		07DFC2BF2D8AFB0F00FBADBF /* MyGardenCellView.swift */ = {isa = PBXFileReference; lastKnownFileType = sourcecode.swift; path = MyGardenCellView.swift; sourceTree = "<group>"; };
		07DFC2C02D8AFB0F00FBADBF /* NoteCellView.swift */ = {isa = PBXFileReference; lastKnownFileType = sourcecode.swift; path = NoteCellView.swift; sourceTree = "<group>"; };
		07DFC2C12D8AFB0F00FBADBF /* PestCellView.swift */ = {isa = PBXFileReference; lastKnownFileType = sourcecode.swift; path = PestCellView.swift; sourceTree = "<group>"; };
		07DFC2C22D8AFB0F00FBADBF /* SeedOrSeedlingView.swift */ = {isa = PBXFileReference; lastKnownFileType = sourcecode.swift; path = SeedOrSeedlingView.swift; sourceTree = "<group>"; };
		07DFC2C32D8AFB0F00FBADBF /* VegetableCellView.swift */ = {isa = PBXFileReference; lastKnownFileType = sourcecode.swift; path = VegetableCellView.swift; sourceTree = "<group>"; };
		07DFC2C52D8AFB0F00FBADBF /* Assets.xcassets */ = {isa = PBXFileReference; lastKnownFileType = folder.assetcatalog; path = Assets.xcassets; sourceTree = "<group>"; };
		07DFC2C62D8AFB0F00FBADBF /* VegetablesApp.swift */ = {isa = PBXFileReference; lastKnownFileType = sourcecode.swift; path = VegetablesApp.swift; sourceTree = "<group>"; };
/* End PBXFileReference section */

/* Begin PBXFrameworksBuildPhase section */
		07DFC2492D7F176900FBADBF /* Frameworks */ = {
			isa = PBXFrameworksBuildPhase;
			buildActionMask = 2147483647;
			files = (
			);
			runOnlyForDeploymentPostprocessing = 0;
		};
/* End PBXFrameworksBuildPhase section */

/* Begin PBXGroup section */
		07DFC2432D7F176900FBADBF = {
			isa = PBXGroup;
			children = (
				07DFC2C72D8AFB0F00FBADBF /* Vegetables */,
				07DFC2C52D8AFB0F00FBADBF /* Assets.xcassets */,
				07DFC24D2D7F176900FBADBF /* Products */,
			);
			sourceTree = "<group>";
		};
		07DFC24D2D7F176900FBADBF /* Products */ = {
			isa = PBXGroup;
			children = (
				07DFC24C2D7F176900FBADBF /* Vegetables.app */,
			);
			name = Products;
			sourceTree = "<group>";
		};
		07DFC2A52D8AFB0F00FBADBF /* Clients */ = {
			isa = PBXGroup;
			children = (
				07DFC2A42D8AFB0F00FBADBF /* VegetableHTTPClient.swift */,
			);
			path = Clients;
			sourceTree = "<group>";
		};
		07DFC2A82D8AFB0F00FBADBF /* Extensions */ = {
			isa = PBXGroup;
			children = (
				07DFC2A62D8AFB0F00FBADBF /* Date+Extensions.swift */,
				07DFC2A72D8AFB0F00FBADBF /* String+Extensions.swift */,
			);
			path = Extensions;
			sourceTree = "<group>";
		};
		07DFC2AD2D8AFB0F00FBADBF /* Models */ = {
			isa = PBXGroup;
			children = (
				07DFC2A92D8AFB0F00FBADBF /* MyGardenVegetable.swift */,
				07DFC2AA2D8AFB0F00FBADBF /* Note.swift */,
				07DFC2AB2D8AFB0F00FBADBF /* Pest.swift */,
				07DFC2AC2D8AFB0F00FBADBF /* Vegetable.swift */,
			);
			path = Models;
			sourceTree = "<group>";
		};
		07DFC2B22D8AFB0F00FBADBF /* Preview Content */ = {
			isa = PBXGroup;
			children = (
				07DFC2AE2D8AFB0F00FBADBF /* Preview Assets.xcassets */,
				07DFC2AF2D8AFB0F00FBADBF /* PreviewContainer.swift */,
				07DFC2B02D8AFB0F00FBADBF /* PreviewData.swift */,
				07DFC2B12D8AFB0F00FBADBF /* vegetables.json */,
			);
			path = "Preview Content";
			sourceTree = "<group>";
		};
		07DFC2BB2D8AFB0F00FBADBF /* Screens */ = {
			isa = PBXGroup;
			children = (
				07DFC2B32D8AFB0F00FBADBF /* AddNoteScreen.swift */,
				07DFC2B42D8AFB0F00FBADBF /* MyGardenScreen.swift */,
				07DFC2B52D8AFB0F00FBADBF /* NoteListScreen.swift */,
				07DFC2B62D8AFB0F00FBADBF /* PestDetailScreen.swift */,
				07DFC2B72D8AFB0F00FBADBF /* PestListScreen.swift */,
				07DFC2B82D8AFB0F00FBADBF /* VegetableDetailScreen.swift */,
				07DFC2B92D8AFB0F00FBADBF /* VegetableListScreen.swift */,
				07DFC2BA2D8AFB0F00FBADBF /* VegetableTabBarScreen.swift */,
			);
			path = Screens;
			sourceTree = "<group>";
		};
		07DFC2C42D8AFB0F00FBADBF /* Views */ = {
			isa = PBXGroup;
			children = (
				07DFC2BC2D8AFB0F00FBADBF /* CircularAsyncImageView.swift */,
				07DFC2BD2D8AFB0F00FBADBF /* HarvestCountDownView.swift */,
				07DFC2BE2D8AFB0F00FBADBF /* ImagePicker.swift */,
				07DFC2BF2D8AFB0F00FBADBF /* MyGardenCellView.swift */,
				07DFC2C02D8AFB0F00FBADBF /* NoteCellView.swift */,
				07DFC2C12D8AFB0F00FBADBF /* PestCellView.swift */,
				07DFC2C22D8AFB0F00FBADBF /* SeedOrSeedlingView.swift */,
				07DFC2C32D8AFB0F00FBADBF /* VegetableCellView.swift */,
			);
			path = Views;
			sourceTree = "<group>";
		};
		07DFC2C72D8AFB0F00FBADBF /* Vegetables */ = {
			isa = PBXGroup;
			children = (
				07DFC2C62D8AFB0F00FBADBF /* VegetablesApp.swift */,
				07DFC2A52D8AFB0F00FBADBF /* Clients */,
				07DFC2A82D8AFB0F00FBADBF /* Extensions */,
				07DFC2AD2D8AFB0F00FBADBF /* Models */,
				07DFC2BB2D8AFB0F00FBADBF /* Screens */,
				07DFC2C42D8AFB0F00FBADBF /* Views */,
				07DFC2B22D8AFB0F00FBADBF /* Preview Content */,
			);
			path = Vegetables;
			sourceTree = "<group>";
		};
/* End PBXGroup section */

/* Begin PBXNativeTarget section */
		07DFC24B2D7F176900FBADBF /* Vegetables */ = {
			isa = PBXNativeTarget;
			buildConfigurationList = 07DFC25A2D7F176B00FBADBF /* Build configuration list for PBXNativeTarget "Vegetables" */;
			buildPhases = (
				07DFC2482D7F176900FBADBF /* Sources */,
				07DFC2492D7F176900FBADBF /* Frameworks */,
				07DFC24A2D7F176900FBADBF /* Resources */,
			);
			buildRules = (
			);
			dependencies = (
			);
			name = Vegetables;
			packageProductDependencies = (
			);
			productName = Vegetables;
			productReference = 07DFC24C2D7F176900FBADBF /* Vegetables.app */;
			productType = "com.apple.product-type.application";
		};
/* End PBXNativeTarget section */

/* Begin PBXProject section */
		07DFC2442D7F176900FBADBF /* Project object */ = {
			isa = PBXProject;
			attributes = {
				BuildIndependentTargetsInParallel = 1;
				LastSwiftUpdateCheck = 1620;
				LastUpgradeCheck = 1620;
				TargetAttributes = {
					07DFC24B2D7F176900FBADBF = {
						CreatedOnToolsVersion = 16.2;
					};
				};
			};
			buildConfigurationList = 07DFC2472D7F176900FBADBF /* Build configuration list for PBXProject "Vegetables" */;
			developmentRegion = en;
			hasScannedForEncodings = 0;
			knownRegions = (
				en,
				Base,
			);
			mainGroup = 07DFC2432D7F176900FBADBF;
			minimizedProjectReferenceProxies = 1;
			preferredProjectObjectVersion = 77;
			productRefGroup = 07DFC24D2D7F176900FBADBF /* Products */;
			projectDirPath = "";
			projectRoot = "";
			targets = (
				07DFC24B2D7F176900FBADBF /* Vegetables */,
			);
		};
/* End PBXProject section */

/* Begin PBXResourcesBuildPhase section */
		07DFC24A2D7F176900FBADBF /* Resources */ = {
			isa = PBXResourcesBuildPhase;
			buildActionMask = 2147483647;
			files = (
				07DFC2E22D8AFB0F00FBADBF /* Preview Assets.xcassets in Resources */,
				07DFC2E32D8AFB0F00FBADBF /* vegetables.json in Resources */,
				07DFC2E42D8AFB0F00FBADBF /* Assets.xcassets in Resources */,
			);
			runOnlyForDeploymentPostprocessing = 0;
		};
/* End PBXResourcesBuildPhase section */

/* Begin PBXSourcesBuildPhase section */
		07DFC2482D7F176900FBADBF /* Sources */ = {
			isa = PBXSourcesBuildPhase;
			buildActionMask = 2147483647;
			files = (
				07DFC2C82D8AFB0F00FBADBF /* VegetableHTTPClient.swift in Sources */,
				07DFC2C92D8AFB0F00FBADBF /* Date+Extensions.swift in Sources */,
				07DFC2CA2D8AFB0F00FBADBF /* String+Extensions.swift in Sources */,
				07DFC2CB2D8AFB0F00FBADBF /* MyGardenVegetable.swift in Sources */,
				07DFC2CC2D8AFB0F00FBADBF /* Note.swift in Sources */,
				07DFC2CD2D8AFB0F00FBADBF /* Pest.swift in Sources */,
				07DFC2CE2D8AFB0F00FBADBF /* Vegetable.swift in Sources */,
				07DFC2CF2D8AFB0F00FBADBF /* PreviewContainer.swift in Sources */,
				07DFC2D02D8AFB0F00FBADBF /* PreviewData.swift in Sources */,
				07DFC2D12D8AFB0F00FBADBF /* AddNoteScreen.swift in Sources */,
				07DFC2D22D8AFB0F00FBADBF /* MyGardenScreen.swift in Sources */,
				07DFC2D32D8AFB0F00FBADBF /* NoteListScreen.swift in Sources */,
				07DFC2D42D8AFB0F00FBADBF /* PestDetailScreen.swift in Sources */,
				07DFC2D52D8AFB0F00FBADBF /* PestListScreen.swift in Sources */,
				07DFC2D62D8AFB0F00FBADBF /* VegetableDetailScreen.swift in Sources */,
				07DFC2D72D8AFB0F00FBADBF /* VegetableListScreen.swift in Sources */,
				07DFC2D82D8AFB0F00FBADBF /* VegetableTabBarScreen.swift in Sources */,
				07DFC2D92D8AFB0F00FBADBF /* CircularAsyncImageView.swift in Sources */,
				07DFC2DA2D8AFB0F00FBADBF /* HarvestCountDownView.swift in Sources */,
				07DFC2DB2D8AFB0F00FBADBF /* ImagePicker.swift in Sources */,
				07DFC2DC2D8AFB0F00FBADBF /* MyGardenCellView.swift in Sources */,
				07DFC2DD2D8AFB0F00FBADBF /* NoteCellView.swift in Sources */,
				07DFC2DE2D8AFB0F00FBADBF /* PestCellView.swift in Sources */,
				07DFC2DF2D8AFB0F00FBADBF /* SeedOrSeedlingView.swift in Sources */,
				07DFC2E02D8AFB0F00FBADBF /* VegetableCellView.swift in Sources */,
				07DFC2E12D8AFB0F00FBADBF /* VegetablesApp.swift in Sources */,
			);
			runOnlyForDeploymentPostprocessing = 0;
		};
/* End PBXSourcesBuildPhase section */

/* Begin XCBuildConfiguration section */
		07DFC2582D7F176B00FBADBF /* Debug */ = {
			isa = XCBuildConfiguration;
			buildSettings = {
				ALWAYS_SEARCH_USER_PATHS = NO;
				ASSETCATALOG_COMPILER_GENERATE_SWIFT_ASSET_SYMBOL_EXTENSIONS = YES;
				CLANG_ANALYZER_NONNULL = YES;
				CLANG_ANALYZER_NUMBER_OBJECT_CONVERSION = YES_AGGRESSIVE;
				CLANG_CXX_LANGUAGE_STANDARD = "gnu++20";
				CLANG_ENABLE_MODULES = YES;
				CLANG_ENABLE_OBJC_ARC = YES;
				CLANG_ENABLE_OBJC_WEAK = YES;
				CLANG_WARN_BLOCK_CAPTURE_AUTORELEASING = YES;
				CLANG_WARN_BOOL_CONVERSION = YES;
				CLANG_WARN_COMMA = YES;
				CLANG_WARN_CONSTANT_CONVERSION = YES;
				CLANG_WARN_DEPRECATED_OBJC_IMPLEMENTATIONS = YES;
				CLANG_WARN_DIRECT_OBJC_ISA_USAGE = YES_ERROR;
				CLANG_WARN_DOCUMENTATION_COMMENTS = YES;
				CLANG_WARN_EMPTY_BODY = YES;
				CLANG_WARN_ENUM_CONVERSION = YES;
				CLANG_WARN_INFINITE_RECURSION = YES;
				CLANG_WARN_INT_CONVERSION = YES;
				CLANG_WARN_NON_LITERAL_NULL_CONVERSION = YES;
				CLANG_WARN_OBJC_IMPLICIT_RETAIN_SELF = YES;
				CLANG_WARN_OBJC_LITERAL_CONVERSION = YES;
				CLANG_WARN_OBJC_ROOT_CLASS = YES_ERROR;
				CLANG_WARN_QUOTED_INCLUDE_IN_FRAMEWORK_HEADER = YES;
				CLANG_WARN_RANGE_LOOP_ANALYSIS = YES;
				CLANG_WARN_STRICT_PROTOTYPES = YES;
				CLANG_WARN_SUSPICIOUS_MOVE = YES;
				CLANG_WARN_UNGUARDED_AVAILABILITY = YES_AGGRESSIVE;
				CLANG_WARN_UNREACHABLE_CODE = YES;
				CLANG_WARN__DUPLICATE_METHOD_MATCH = YES;
				COPY_PHASE_STRIP = NO;
				DEBUG_INFORMATION_FORMAT = dwarf;
				ENABLE_STRICT_OBJC_MSGSEND = YES;
				ENABLE_TESTABILITY = YES;
				ENABLE_USER_SCRIPT_SANDBOXING = YES;
				GCC_C_LANGUAGE_STANDARD = gnu17;
				GCC_DYNAMIC_NO_PIC = NO;
				GCC_NO_COMMON_BLOCKS = YES;
				GCC_OPTIMIZATION_LEVEL = 0;
				GCC_PREPROCESSOR_DEFINITIONS = (
					"DEBUG=1",
					"$(inherited)",
				);
				GCC_WARN_64_TO_32_BIT_CONVERSION = YES;
				GCC_WARN_ABOUT_RETURN_TYPE = YES_ERROR;
				GCC_WARN_UNDECLARED_SELECTOR = YES;
				GCC_WARN_UNINITIALIZED_AUTOS = YES_AGGRESSIVE;
				GCC_WARN_UNUSED_FUNCTION = YES;
				GCC_WARN_UNUSED_VARIABLE = YES;
				IPHONEOS_DEPLOYMENT_TARGET = 18.2;
				LOCALIZATION_PREFERS_STRING_CATALOGS = YES;
				MTL_ENABLE_DEBUG_INFO = INCLUDE_SOURCE;
				MTL_FAST_MATH = YES;
				ONLY_ACTIVE_ARCH = YES;
				SDKROOT = iphoneos;
				SWIFT_ACTIVE_COMPILATION_CONDITIONS = "DEBUG $(inherited)";
				SWIFT_OPTIMIZATION_LEVEL = "-Onone";
			};
			name = Debug;
		};
		07DFC2592D7F176B00FBADBF /* Release */ = {
			isa = XCBuildConfiguration;
			buildSettings = {
				ALWAYS_SEARCH_USER_PATHS = NO;
				ASSETCATALOG_COMPILER_GENERATE_SWIFT_ASSET_SYMBOL_EXTENSIONS = YES;
				CLANG_ANALYZER_NONNULL = YES;
				CLANG_ANALYZER_NUMBER_OBJECT_CONVERSION = YES_AGGRESSIVE;
				CLANG_CXX_LANGUAGE_STANDARD = "gnu++20";
				CLANG_ENABLE_MODULES = YES;
				CLANG_ENABLE_OBJC_ARC = YES;
				CLANG_ENABLE_OBJC_WEAK = YES;
				CLANG_WARN_BLOCK_CAPTURE_AUTORELEASING = YES;
				CLANG_WARN_BOOL_CONVERSION = YES;
				CLANG_WARN_COMMA = YES;
				CLANG_WARN_CONSTANT_CONVERSION = YES;
				CLANG_WARN_DEPRECATED_OBJC_IMPLEMENTATIONS = YES;
				CLANG_WARN_DIRECT_OBJC_ISA_USAGE = YES_ERROR;
				CLANG_WARN_DOCUMENTATION_COMMENTS = YES;
				CLANG_WARN_EMPTY_BODY = YES;
				CLANG_WARN_ENUM_CONVERSION = YES;
				CLANG_WARN_INFINITE_RECURSION = YES;
				CLANG_WARN_INT_CONVERSION = YES;
				CLANG_WARN_NON_LITERAL_NULL_CONVERSION = YES;
				CLANG_WARN_OBJC_IMPLICIT_RETAIN_SELF = YES;
				CLANG_WARN_OBJC_LITERAL_CONVERSION = YES;
				CLANG_WARN_OBJC_ROOT_CLASS = YES_ERROR;
				CLANG_WARN_QUOTED_INCLUDE_IN_FRAMEWORK_HEADER = YES;
				CLANG_WARN_RANGE_LOOP_ANALYSIS = YES;
				CLANG_WARN_STRICT_PROTOTYPES = YES;
				CLANG_WARN_SUSPICIOUS_MOVE = YES;
				CLANG_WARN_UNGUARDED_AVAILABILITY = YES_AGGRESSIVE;
				CLANG_WARN_UNREACHABLE_CODE = YES;
				CLANG_WARN__DUPLICATE_METHOD_MATCH = YES;
				COPY_PHASE_STRIP = NO;
				DEBUG_INFORMATION_FORMAT = "dwarf-with-dsym";
				ENABLE_NS_ASSERTIONS = NO;
				ENABLE_STRICT_OBJC_MSGSEND = YES;
				ENABLE_USER_SCRIPT_SANDBOXING = YES;
				GCC_C_LANGUAGE_STANDARD = gnu17;
				GCC_NO_COMMON_BLOCKS = YES;
				GCC_WARN_64_TO_32_BIT_CONVERSION = YES;
				GCC_WARN_ABOUT_RETURN_TYPE = YES_ERROR;
				GCC_WARN_UNDECLARED_SELECTOR = YES;
				GCC_WARN_UNINITIALIZED_AUTOS = YES_AGGRESSIVE;
				GCC_WARN_UNUSED_FUNCTION = YES;
				GCC_WARN_UNUSED_VARIABLE = YES;
				IPHONEOS_DEPLOYMENT_TARGET = 18.2;
				LOCALIZATION_PREFERS_STRING_CATALOGS = YES;
				MTL_ENABLE_DEBUG_INFO = NO;
				MTL_FAST_MATH = YES;
				SDKROOT = iphoneos;
				SWIFT_COMPILATION_MODE = wholemodule;
				VALIDATE_PRODUCT = YES;
			};
			name = Release;
		};
		07DFC25B2D7F176B00FBADBF /* Debug */ = {
			isa = XCBuildConfiguration;
			buildSettings = {
				ASSETCATALOG_COMPILER_APPICON_NAME = AppIcon;
				ASSETCATALOG_COMPILER_GLOBAL_ACCENT_COLOR_NAME = AccentColor;
				CODE_SIGN_STYLE = Automatic;
				CURRENT_PROJECT_VERSION = 1;
				DEVELOPMENT_ASSET_PATHS = "\"Vegetables/Preview Content\"";
				DEVELOPMENT_TEAM = H7MDDDPC4H;
				ENABLE_PREVIEWS = YES;
				GENERATE_INFOPLIST_FILE = YES;
				INFOPLIST_KEY_NSCameraUsageDescription = "The camera is needed to take picutres for your Garden";
				INFOPLIST_KEY_UIApplicationSceneManifest_Generation = YES;
				INFOPLIST_KEY_UIApplicationSupportsIndirectInputEvents = YES;
				INFOPLIST_KEY_UILaunchScreen_Generation = YES;
				INFOPLIST_KEY_UISupportedInterfaceOrientations_iPad = "UIInterfaceOrientationPortrait UIInterfaceOrientationPortraitUpsideDown UIInterfaceOrientationLandscapeLeft UIInterfaceOrientationLandscapeRight";
				INFOPLIST_KEY_UISupportedInterfaceOrientations_iPhone = "UIInterfaceOrientationPortrait UIInterfaceOrientationLandscapeLeft UIInterfaceOrientationLandscapeRight";
				LD_RUNPATH_SEARCH_PATHS = (
					"$(inherited)",
					"@executable_path/Frameworks",
				);
				MARKETING_VERSION = 1.0;
				PRODUCT_BUNDLE_IDENTIFIER = com.eric.Vegetables;
				PRODUCT_NAME = "$(TARGET_NAME)";
				SWIFT_EMIT_LOC_STRINGS = YES;
				SWIFT_VERSION = 5.0;
				TARGETED_DEVICE_FAMILY = "1,2";
			};
			name = Debug;
		};
		07DFC25C2D7F176B00FBADBF /* Release */ = {
			isa = XCBuildConfiguration;
			buildSettings = {
				ASSETCATALOG_COMPILER_APPICON_NAME = AppIcon;
				ASSETCATALOG_COMPILER_GLOBAL_ACCENT_COLOR_NAME = AccentColor;
				CODE_SIGN_STYLE = Automatic;
				CURRENT_PROJECT_VERSION = 1;
				DEVELOPMENT_ASSET_PATHS = "\"Vegetables/Preview Content\"";
				DEVELOPMENT_TEAM = H7MDDDPC4H;
				ENABLE_PREVIEWS = YES;
				GENERATE_INFOPLIST_FILE = YES;
				INFOPLIST_KEY_NSCameraUsageDescription = "The camera is needed to take picutres for your Garden";
				INFOPLIST_KEY_UIApplicationSceneManifest_Generation = YES;
				INFOPLIST_KEY_UIApplicationSupportsIndirectInputEvents = YES;
				INFOPLIST_KEY_UILaunchScreen_Generation = YES;
				INFOPLIST_KEY_UISupportedInterfaceOrientations_iPad = "UIInterfaceOrientationPortrait UIInterfaceOrientationPortraitUpsideDown UIInterfaceOrientationLandscapeLeft UIInterfaceOrientationLandscapeRight";
				INFOPLIST_KEY_UISupportedInterfaceOrientations_iPhone = "UIInterfaceOrientationPortrait UIInterfaceOrientationLandscapeLeft UIInterfaceOrientationLandscapeRight";
				LD_RUNPATH_SEARCH_PATHS = (
					"$(inherited)",
					"@executable_path/Frameworks",
				);
				MARKETING_VERSION = 1.0;
				PRODUCT_BUNDLE_IDENTIFIER = com.eric.Vegetables;
				PRODUCT_NAME = "$(TARGET_NAME)";
				SWIFT_EMIT_LOC_STRINGS = YES;
				SWIFT_VERSION = 5.0;
				TARGETED_DEVICE_FAMILY = "1,2";
			};
			name = Release;
		};
/* End XCBuildConfiguration section */

/* Begin XCConfigurationList section */
		07DFC2472D7F176900FBADBF /* Build configuration list for PBXProject "Vegetables" */ = {
			isa = XCConfigurationList;
			buildConfigurations = (
				07DFC2582D7F176B00FBADBF /* Debug */,
				07DFC2592D7F176B00FBADBF /* Release */,
			);
			defaultConfigurationIsVisible = 0;
			defaultConfigurationName = Release;
		};
		07DFC25A2D7F176B00FBADBF /* Build configuration list for PBXNativeTarget "Vegetables" */ = {
			isa = XCConfigurationList;
			buildConfigurations = (
				07DFC25B2D7F176B00FBADBF /* Debug */,
				07DFC25C2D7F176B00FBADBF /* Release */,
			);
			defaultConfigurationIsVisible = 0;
			defaultConfigurationName = Release;
		};
/* End XCConfigurationList section */
	};
	rootObject = 07DFC2442D7F176900FBADBF /* Project object */;
}
